<?xml version="1.0" encoding="utf-8"?>
<Project ToolsVersion="4.0" xmlns="http://schemas.microsoft.com/developer/msbuild/2003">
  <ItemGroup>
    <Filter Include="Source Files">
      <UniqueIdentifier>{4FC737F1-C7A5-4376-A066-2A32D752A2FF}</UniqueIdentifier>
      <Extensions>cpp;c;cc;cxx;def;odl;idl;hpj;bat;asm;asmx</Extensions>
    </Filter>
    <Filter Include="Header Files">
      <UniqueIdentifier>{93995380-89BD-4b04-88EB-625FBE52EBFB}</UniqueIdentifier>
      <Extensions>h;hh;hpp;hxx;hm;inl;inc;xsd</Extensions>
    </Filter>
    <Filter Include="Resource Files">
      <UniqueIdentifier>{67DA6AB6-F800-4c08-8B7A-83BB121AAD01}</UniqueIdentifier>
      <Extensions>rc;ico;cur;bmp;dlg;rc2;rct;bin;rgs;gif;jpg;jpeg;jpe;resx;tiff;tif;png;wav;mfcribbon-ms</Extensions>
    </Filter>
    <Filter Include="Header Files\objects">
      <UniqueIdentifier>{f97e133a-7361-43e6-b6ca-312c4f40d53f}</UniqueIdentifier>
    </Filter>
    <Filter Include="Resource Files\shaders">
      <UniqueIdentifier>{b0e9aaec-77ff-43c7-b14a-787d40b509d6}</UniqueIdentifier>
    </Filter>
    <Filter Include="Resource Files\textures">
      <UniqueIdentifier>{c7c7a165-f1af-4bda-84a7-f14eb987ccdb}</UniqueIdentifier>
    </Filter>
    <Filter Include="Header Files\butterflies">
      <UniqueIdentifier>{458d65b5-2a75-4bcf-a842-503696f2dea2}</UniqueIdentifier>
    </Filter>
  </ItemGroup>
  <ItemGroup>
    <ClCompile Include="Source.cpp">
      <Filter>Source Files</Filter>
    </ClCompile>
  </ItemGroup>
  <ItemGroup>
    <ClInclude Include="include\objects\Cube.h">
      <Filter>Header Files\objects</Filter>
    </ClInclude>
    <ClInclude Include="include\objects\Windmill.h">
      <Filter>Header Files\objects</Filter>
    </ClInclude>
    <ClInclude Include="include\Camera.h">
      <Filter>Header Files</Filter>
    </ClInclude>
    <ClInclude Include="include\Shader.h">
      <Filter>Header Files</Filter>
    </ClInclude>
    <ClInclude Include="include\Sphere.h">
      <Filter>Header Files</Filter>
    </ClInclude>
    <ClInclude Include="include\World.h">
      <Filter>Header Files</Filter>
    </ClInclude>
    <ClInclude Include="include\stb_image.h">
      <Filter>Header Files</Filter>
    </ClInclude>
    <ClInclude Include="include\objects\BlueWing.h">
      <Filter>Header Files\butterflies</Filter>
    </ClInclude>
    <ClInclude Include="LargeOrangeButterFly.h">
      <Filter>Header Files\butterflies</Filter>
    </ClInclude>
    <ClInclude Include="include\objects\LargeBlueButterFly.h">
      <Filter>Header Files\butterflies</Filter>
    </ClInclude>
    <ClInclude Include="include\objects\SmallBlueButterfly.h">
      <Filter>Header Files\butterflies</Filter>
    </ClInclude>
    <ClInclude Include="include\objects\SmallOrangeButterfly.h">
      <Filter>Header Files\butterflies</Filter>
    </ClInclude>
    <ClInclude Include="OrangeWing.h">
      <Filter>Header Files\butterflies</Filter>
    </ClInclude>
    <ClInclude Include="include\objects\Ground.h">
      <Filter>Header Files\objects</Filter>
    </ClInclude>
    <ClInclude Include="include\objects\Island.h">
      <Filter>Header Files\objects</Filter>
    </ClInclude>
  </ItemGroup>
  <ItemGroup>
    <None Include="resources\shaders\lightShader.frag">
      <Filter>Resource Files\shaders</Filter>
    </None>
    <None Include="resources\shaders\shader.vs">
      <Filter>Resource Files\shaders</Filter>
    </None>
    <None Include="resources\shaders\textureShader.frag">
      <Filter>Resource Files\shaders</Filter>
    </None>
    <None Include="resources\shaders\textureShader.vs">
      <Filter>Resource Files\shaders</Filter>
    </None>
  </ItemGroup>
  <ItemGroup>
    <Image Include="resources\textures\blue_wing.png">
      <Filter>Resource Files\textures</Filter>
    </Image>
    <Image Include="resources\textures\orange_wing.png">
      <Filter>Resource Files\textures</Filter>
    </Image>
  </ItemGroup>
</Project>